// !$*UTF8*$!
{
	archiveVersion = 1;
	classes = {
	};
	objectVersion = 56;
	objects = {

/* Begin PBXBuildFile section */
		0A03D9AC2BF5F31300F0A8B8 /* libcurl.a in Frameworks */ = {isa = PBXBuildFile; fileRef = 0A03D9AB2BF5F31300F0A8B8 /* libcurl.a */; };
		0A03D9C82BF6EB6800F0A8B8 /* UserMgrViewController.m in Sources */ = {isa = PBXBuildFile; fileRef = 0A03D9C62BF6EB6800F0A8B8 /* UserMgrViewController.m */; };
		0A03D9CB2BF6ED2000F0A8B8 /* OptionsViewController.m in Sources */ = {isa = PBXBuildFile; fileRef = 0A03D9C92BF6ED2000F0A8B8 /* OptionsViewController.m */; };
		0A03D9CE2BF6EDAC00F0A8B8 /* LaunchViewController.m in Sources */ = {isa = PBXBuildFile; fileRef = 0A03D9CD2BF6EDAC00F0A8B8 /* LaunchViewController.m */; };
		0A4108322AFE7F6B001511DD /* AppDelegate.m in Sources */ = {isa = PBXBuildFile; fileRef = 0A4108312AFE7F6B001511DD /* AppDelegate.m */; };
		0A4108382AFE7F6B001511DD /* ViewController.m in Sources */ = {isa = PBXBuildFile; fileRef = 0A4108372AFE7F6B001511DD /* ViewController.m */; };
		0A41083D2AFE7F6E001511DD /* Assets.xcassets in Resources */ = {isa = PBXBuildFile; fileRef = 0A41083C2AFE7F6E001511DD /* Assets.xcassets */; };
		0A4108432AFE7F6E001511DD /* main.m in Sources */ = {isa = PBXBuildFile; fileRef = 0A4108422AFE7F6E001511DD /* main.m */; };
		0A9C36172BF5135200D016E3 /* images in Resources */ = {isa = PBXBuildFile; fileRef = 0A9C36142BF5133D00D016E3 /* images */; };
		0A9C361A2BF513E500D016E3 /* MainViewController.m in Sources */ = {isa = PBXBuildFile; fileRef = 0A9C36192BF513E500D016E3 /* MainViewController.m */; };
		0A9C361D2BF5152600D016E3 /* NodesViewController.m in Sources */ = {isa = PBXBuildFile; fileRef = 0A9C361B2BF5152600D016E3 /* NodesViewController.m */; };
		0A9C362F2BF51D0000D016E3 /* libsodium.framework in Resources */ = {isa = PBXBuildFile; fileRef = 0A9C36272BF51C9600D016E3 /* libsodium.framework */; };
		0A9C36302BF51D0400D016E3 /* ssrNative.framework in Resources */ = {isa = PBXBuildFile; fileRef = 0A9C362D2BF51CA700D016E3 /* ssrNative.framework */; };
		0A9C36312BF51D0800D016E3 /* mbedtls.framework in Resources */ = {isa = PBXBuildFile; fileRef = 0A9C362B2BF51CA200D016E3 /* mbedtls.framework */; };
		0A9C36322BF51D0C00D016E3 /* libuv.framework in Resources */ = {isa = PBXBuildFile; fileRef = 0A9C36292BF51C9C00D016E3 /* libuv.framework */; };
		0A9C36342BF5205C00D016E3 /* libsodium.framework in Frameworks */ = {isa = PBXBuildFile; fileRef = 0A9C36272BF51C9600D016E3 /* libsodium.framework */; };
		0A9C36352BF5205C00D016E3 /* libsodium.framework in Embed Frameworks */ = {isa = PBXBuildFile; fileRef = 0A9C36272BF51C9600D016E3 /* libsodium.framework */; settings = {ATTRIBUTES = (CodeSignOnCopy, RemoveHeadersOnCopy, ); }; };
		0A9C36372BF5205E00D016E3 /* libuv.framework in Frameworks */ = {isa = PBXBuildFile; fileRef = 0A9C36292BF51C9C00D016E3 /* libuv.framework */; };
		0A9C36382BF5205E00D016E3 /* libuv.framework in Embed Frameworks */ = {isa = PBXBuildFile; fileRef = 0A9C36292BF51C9C00D016E3 /* libuv.framework */; settings = {ATTRIBUTES = (CodeSignOnCopy, RemoveHeadersOnCopy, ); }; };
		0A9C36392BF5205F00D016E3 /* mbedtls.framework in Frameworks */ = {isa = PBXBuildFile; fileRef = 0A9C362B2BF51CA200D016E3 /* mbedtls.framework */; };
		0A9C363A2BF5205F00D016E3 /* mbedtls.framework in Embed Frameworks */ = {isa = PBXBuildFile; fileRef = 0A9C362B2BF51CA200D016E3 /* mbedtls.framework */; settings = {ATTRIBUTES = (CodeSignOnCopy, RemoveHeadersOnCopy, ); }; };
		0A9C363B2BF5206200D016E3 /* ssrNative.framework in Frameworks */ = {isa = PBXBuildFile; fileRef = 0A9C362D2BF51CA700D016E3 /* ssrNative.framework */; };
		0A9C363C2BF5206200D016E3 /* ssrNative.framework in Embed Frameworks */ = {isa = PBXBuildFile; fileRef = 0A9C362D2BF51CA700D016E3 /* ssrNative.framework */; settings = {ATTRIBUTES = (CodeSignOnCopy, RemoveHeadersOnCopy, ); }; };
		0A9C365F2BF52EA300D016E3 /* PacketProcessor.framework in Frameworks */ = {isa = PBXBuildFile; fileRef = 0A9C364C2BF52B5C00D016E3 /* PacketProcessor.framework */; };
		0A9C36602BF52EA300D016E3 /* PacketProcessor.framework in Embed Frameworks */ = {isa = PBXBuildFile; fileRef = 0A9C364C2BF52B5C00D016E3 /* PacketProcessor.framework */; settings = {ATTRIBUTES = (CodeSignOnCopy, RemoveHeadersOnCopy, ); }; };
		0ACB6D822AFFDD2A006BB7E6 /* ClothingStoreViewController.m in Sources */ = {isa = PBXBuildFile; fileRef = 0ACB6D812AFFDD2A006BB7E6 /* ClothingStoreViewController.m */; };
		0ACB6D8A2B007290006BB7E6 /* rootViewController.m in Sources */ = {isa = PBXBuildFile; fileRef = 0ACB6D882B007290006BB7E6 /* rootViewController.m */; };
/* End PBXBuildFile section */

/* Begin PBXCopyFilesBuildPhase section */
		0A9C36362BF5205C00D016E3 /* Embed Frameworks */ = {
			isa = PBXCopyFilesBuildPhase;
			buildActionMask = 2147483647;
			dstPath = "";
			dstSubfolderSpec = 10;
			files = (
				0A9C36602BF52EA300D016E3 /* PacketProcessor.framework in Embed Frameworks */,
				0A9C36352BF5205C00D016E3 /* libsodium.framework in Embed Frameworks */,
				0A9C363A2BF5205F00D016E3 /* mbedtls.framework in Embed Frameworks */,
				0A9C363C2BF5206200D016E3 /* ssrNative.framework in Embed Frameworks */,
				0A9C36382BF5205E00D016E3 /* libuv.framework in Embed Frameworks */,
			);
			name = "Embed Frameworks";
			runOnlyForDeploymentPostprocessing = 0;
		};
/* End PBXCopyFilesBuildPhase section */

/* Begin PBXFileReference section */
		0A03D9AB2BF5F31300F0A8B8 /* libcurl.a */ = {isa = PBXFileReference; lastKnownFileType = archive.ar; name = libcurl.a; path = Frameworks/libcurl/lib/libcurl.a; sourceTree = "<group>"; };
		0A03D9C62BF6EB6800F0A8B8 /* UserMgrViewController.m */ = {isa = PBXFileReference; fileEncoding = 4; lastKnownFileType = sourcecode.c.objc; path = UserMgrViewController.m; sourceTree = "<group>"; };
		0A03D9C72BF6EB6800F0A8B8 /* UserMgrViewController.h */ = {isa = PBXFileReference; fileEncoding = 4; lastKnownFileType = sourcecode.c.h; path = UserMgrViewController.h; sourceTree = "<group>"; };
		0A03D9C92BF6ED2000F0A8B8 /* OptionsViewController.m */ = {isa = PBXFileReference; fileEncoding = 4; lastKnownFileType = sourcecode.c.objc; path = OptionsViewController.m; sourceTree = "<group>"; };
		0A03D9CA2BF6ED2000F0A8B8 /* OptionsViewController.h */ = {isa = PBXFileReference; fileEncoding = 4; lastKnownFileType = sourcecode.c.h; path = OptionsViewController.h; sourceTree = "<group>"; };
		0A03D9CC2BF6EDAC00F0A8B8 /* LaunchViewController.h */ = {isa = PBXFileReference; fileEncoding = 4; lastKnownFileType = sourcecode.c.h; path = LaunchViewController.h; sourceTree = "<group>"; };
		0A03D9CD2BF6EDAC00F0A8B8 /* LaunchViewController.m */ = {isa = PBXFileReference; fileEncoding = 4; lastKnownFileType = sourcecode.c.objc; path = LaunchViewController.m; sourceTree = "<group>"; };
		0A41082D2AFE7F6B001511DD /* shimmer.app */ = {isa = PBXFileReference; explicitFileType = wrapper.application; includeInIndex = 0; path = shimmer.app; sourceTree = BUILT_PRODUCTS_DIR; };
		0A4108302AFE7F6B001511DD /* AppDelegate.h */ = {isa = PBXFileReference; lastKnownFileType = sourcecode.c.h; path = AppDelegate.h; sourceTree = "<group>"; };
		0A4108312AFE7F6B001511DD /* AppDelegate.m */ = {isa = PBXFileReference; lastKnownFileType = sourcecode.c.objc; path = AppDelegate.m; sourceTree = "<group>"; usesTabs = 0; };
		0A4108362AFE7F6B001511DD /* ViewController.h */ = {isa = PBXFileReference; lastKnownFileType = sourcecode.c.h; path = ViewController.h; sourceTree = "<group>"; };
		0A4108372AFE7F6B001511DD /* ViewController.m */ = {isa = PBXFileReference; lastKnownFileType = sourcecode.c.objc; path = ViewController.m; sourceTree = "<group>"; };
		0A41083C2AFE7F6E001511DD /* Assets.xcassets */ = {isa = PBXFileReference; lastKnownFileType = folder.assetcatalog; path = Assets.xcassets; sourceTree = "<group>"; };
		0A4108412AFE7F6E001511DD /* Info.plist */ = {isa = PBXFileReference; lastKnownFileType = text.plist.xml; path = Info.plist; sourceTree = "<group>"; };
		0A4108422AFE7F6E001511DD /* main.m */ = {isa = PBXFileReference; explicitFileType = sourcecode.c.objc; path = main.m; sourceTree = "<group>"; usesTabs = 0; };
		0A9C36142BF5133D00D016E3 /* images */ = {isa = PBXFileReference; lastKnownFileType = folder; name = images; path = shimmer/images; sourceTree = "<group>"; };
		0A9C36182BF513E500D016E3 /* MainViewController.h */ = {isa = PBXFileReference; fileEncoding = 4; lastKnownFileType = sourcecode.c.h; path = MainViewController.h; sourceTree = "<group>"; };
		0A9C36192BF513E500D016E3 /* MainViewController.m */ = {isa = PBXFileReference; fileEncoding = 4; lastKnownFileType = sourcecode.c.objc; path = MainViewController.m; sourceTree = "<group>"; };
		0A9C361B2BF5152600D016E3 /* NodesViewController.m */ = {isa = PBXFileReference; fileEncoding = 4; lastKnownFileType = sourcecode.c.objc; path = NodesViewController.m; sourceTree = "<group>"; };
		0A9C361C2BF5152600D016E3 /* NodesViewController.h */ = {isa = PBXFileReference; fileEncoding = 4; lastKnownFileType = sourcecode.c.h; path = NodesViewController.h; sourceTree = "<group>"; };
		0A9C36272BF51C9600D016E3 /* libsodium.framework */ = {isa = PBXFileReference; lastKnownFileType = wrapper.framework; name = libsodium.framework; path = Frameworks/libsodium.framework; sourceTree = "<group>"; };
		0A9C36292BF51C9C00D016E3 /* libuv.framework */ = {isa = PBXFileReference; lastKnownFileType = wrapper.framework; name = libuv.framework; path = Frameworks/libuv.framework; sourceTree = "<group>"; };
		0A9C362B2BF51CA200D016E3 /* mbedtls.framework */ = {isa = PBXFileReference; lastKnownFileType = wrapper.framework; name = mbedtls.framework; path = Frameworks/mbedtls.framework; sourceTree = "<group>"; };
		0A9C362D2BF51CA700D016E3 /* ssrNative.framework */ = {isa = PBXFileReference; lastKnownFileType = wrapper.framework; name = ssrNative.framework; path = Frameworks/ssrNative.framework; sourceTree = "<group>"; };
		0A9C364C2BF52B5C00D016E3 /* PacketProcessor.framework */ = {isa = PBXFileReference; lastKnownFileType = wrapper.framework; name = PacketProcessor.framework; path = Frameworks/PacketProcessor.framework; sourceTree = "<group>"; };
		0ACB6D802AFFDD2A006BB7E6 /* ClothingStoreViewController.h */ = {isa = PBXFileReference; fileEncoding = 4; lastKnownFileType = sourcecode.c.h; path = ClothingStoreViewController.h; sourceTree = "<group>"; };
		0ACB6D812AFFDD2A006BB7E6 /* ClothingStoreViewController.m */ = {isa = PBXFileReference; fileEncoding = 4; lastKnownFileType = sourcecode.c.objc; path = ClothingStoreViewController.m; sourceTree = "<group>"; };
		0ACB6D882B007290006BB7E6 /* rootViewController.m */ = {isa = PBXFileReference; fileEncoding = 4; lastKnownFileType = sourcecode.c.objc; path = rootViewController.m; sourceTree = "<group>"; };
		0ACB6D892B007290006BB7E6 /* rootViewController.h */ = {isa = PBXFileReference; fileEncoding = 4; lastKnownFileType = sourcecode.c.h; path = rootViewController.h; sourceTree = "<group>"; };
/* End PBXFileReference section */

/* Begin PBXFrameworksBuildPhase section */
		0A41082A2AFE7F6B001511DD /* Frameworks */ = {
			isa = PBXFrameworksBuildPhase;
			buildActionMask = 2147483647;
			files = (
				0A9C365F2BF52EA300D016E3 /* PacketProcessor.framework in Frameworks */,
				0A9C36392BF5205F00D016E3 /* mbedtls.framework in Frameworks */,
				0A9C36372BF5205E00D016E3 /* libuv.framework in Frameworks */,
				0A9C363B2BF5206200D016E3 /* ssrNative.framework in Frameworks */,
				0A9C36342BF5205C00D016E3 /* libsodium.framework in Frameworks */,
				0A03D9AC2BF5F31300F0A8B8 /* libcurl.a in Frameworks */,
			);
			runOnlyForDeploymentPostprocessing = 0;
		};
/* End PBXFrameworksBuildPhase section */

/* Begin PBXGroup section */
		0A03D9C22BF640CC00F0A8B8 /* UI */ = {
			isa = PBXGroup;
			children = (
				0A03D9CC2BF6EDAC00F0A8B8 /* LaunchViewController.h */,
				0A03D9CD2BF6EDAC00F0A8B8 /* LaunchViewController.m */,
				0A03D9CA2BF6ED2000F0A8B8 /* OptionsViewController.h */,
				0A03D9C92BF6ED2000F0A8B8 /* OptionsViewController.m */,
				0A03D9C72BF6EB6800F0A8B8 /* UserMgrViewController.h */,
				0A03D9C62BF6EB6800F0A8B8 /* UserMgrViewController.m */,
				0A4108362AFE7F6B001511DD /* ViewController.h */,
				0A4108372AFE7F6B001511DD /* ViewController.m */,
				0ACB6D802AFFDD2A006BB7E6 /* ClothingStoreViewController.h */,
				0ACB6D812AFFDD2A006BB7E6 /* ClothingStoreViewController.m */,
				0A9C36182BF513E500D016E3 /* MainViewController.h */,
				0A9C36192BF513E500D016E3 /* MainViewController.m */,
				0ACB6D892B007290006BB7E6 /* rootViewController.h */,
				0ACB6D882B007290006BB7E6 /* rootViewController.m */,
				0A9C361B2BF5152600D016E3 /* NodesViewController.m */,
				0A9C361C2BF5152600D016E3 /* NodesViewController.h */,
			);
			path = UI;
			sourceTree = "<group>";
		};
		0A4108242AFE7F6B001511DD = {
			isa = PBXGroup;
			children = (
				0A41082F2AFE7F6B001511DD /* shimmer */,
				0A9C36142BF5133D00D016E3 /* images */,
				0A9C36262BF51C7200D016E3 /* Frameworks */,
				0A41082E2AFE7F6B001511DD /* Products */,
			);
			sourceTree = "<group>";
		};
		0A41082E2AFE7F6B001511DD /* Products */ = {
			isa = PBXGroup;
			children = (
				0A41082D2AFE7F6B001511DD /* shimmer.app */,
			);
			name = Products;
			sourceTree = "<group>";
		};
		0A41082F2AFE7F6B001511DD /* shimmer */ = {
			isa = PBXGroup;
			children = (
				0A03D9C22BF640CC00F0A8B8 /* UI */,
				0A4108302AFE7F6B001511DD /* AppDelegate.h */,
				0A4108312AFE7F6B001511DD /* AppDelegate.m */,
				0A41083C2AFE7F6E001511DD /* Assets.xcassets */,
				0A4108412AFE7F6E001511DD /* Info.plist */,
				0A4108422AFE7F6E001511DD /* main.m */,
			);
			path = shimmer;
			sourceTree = "<group>";
		};
		0A9C36262BF51C7200D016E3 /* Frameworks */ = {
			isa = PBXGroup;
			children = (
				0A9C364C2BF52B5C00D016E3 /* PacketProcessor.framework */,
				0A9C36272BF51C9600D016E3 /* libsodium.framework */,
				0A9C362D2BF51CA700D016E3 /* ssrNative.framework */,
				0A9C362B2BF51CA200D016E3 /* mbedtls.framework */,
				0A9C36292BF51C9C00D016E3 /* libuv.framework */,
				0A03D9AB2BF5F31300F0A8B8 /* libcurl.a */,
			);
			name = Frameworks;
			sourceTree = "<group>";
		};
/* End PBXGroup section */

/* Begin PBXNativeTarget section */
		0A41082C2AFE7F6B001511DD /* shimmer */ = {
			isa = PBXNativeTarget;
			buildConfigurationList = 0A4108462AFE7F6E001511DD /* Build configuration list for PBXNativeTarget "shimmer" */;
			buildPhases = (
				0A4108292AFE7F6B001511DD /* Sources */,
				0A41082A2AFE7F6B001511DD /* Frameworks */,
				0A41082B2AFE7F6B001511DD /* Resources */,
				0A9C36362BF5205C00D016E3 /* Embed Frameworks */,
			);
			buildRules = (
			);
			dependencies = (
			);
			name = shimmer;
			productName = shimmer;
			productReference = 0A41082D2AFE7F6B001511DD /* shimmer.app */;
			productType = "com.apple.product-type.application";
		};
/* End PBXNativeTarget section */

/* Begin PBXProject section */
		0A4108252AFE7F6B001511DD /* Project object */ = {
			isa = PBXProject;
			attributes = {
				BuildIndependentTargetsInParallel = 1;
				LastUpgradeCheck = 1500;
				TargetAttributes = {
					0A41082C2AFE7F6B001511DD = {
						CreatedOnToolsVersion = 15.0.1;
					};
				};
			};
			buildConfigurationList = 0A4108282AFE7F6B001511DD /* Build configuration list for PBXProject "shimmer" */;
			compatibilityVersion = "Xcode 14.0";
			developmentRegion = en;
			hasScannedForEncodings = 0;
			knownRegions = (
				en,
			);
			mainGroup = 0A4108242AFE7F6B001511DD;
			productRefGroup = 0A41082E2AFE7F6B001511DD /* Products */;
			projectDirPath = "";
			projectRoot = "";
			targets = (
				0A41082C2AFE7F6B001511DD /* shimmer */,
			);
		};
/* End PBXProject section */

/* Begin PBXResourcesBuildPhase section */
		0A41082B2AFE7F6B001511DD /* Resources */ = {
			isa = PBXResourcesBuildPhase;
			buildActionMask = 2147483647;
			files = (
				0A9C36322BF51D0C00D016E3 /* libuv.framework in Resources */,
				0A9C36312BF51D0800D016E3 /* mbedtls.framework in Resources */,
				0A9C36302BF51D0400D016E3 /* ssrNative.framework in Resources */,
				0A9C362F2BF51D0000D016E3 /* libsodium.framework in Resources */,
				0A9C36172BF5135200D016E3 /* images in Resources */,
				0A41083D2AFE7F6E001511DD /* Assets.xcassets in Resources */,
			);
			runOnlyForDeploymentPostprocessing = 0;
		};
/* End PBXResourcesBuildPhase section */

/* Begin PBXSourcesBuildPhase section */
		0A4108292AFE7F6B001511DD /* Sources */ = {
			isa = PBXSourcesBuildPhase;
			buildActionMask = 2147483647;
			files = (
				0ACB6D822AFFDD2A006BB7E6 /* ClothingStoreViewController.m in Sources */,
				0A9C361A2BF513E500D016E3 /* MainViewController.m in Sources */,
				0A4108382AFE7F6B001511DD /* ViewController.m in Sources */,
				0A03D9CE2BF6EDAC00F0A8B8 /* LaunchViewController.m in Sources */,
				0A4108322AFE7F6B001511DD /* AppDelegate.m in Sources */,
				0A9C361D2BF5152600D016E3 /* NodesViewController.m in Sources */,
				0ACB6D8A2B007290006BB7E6 /* rootViewController.m in Sources */,
				0A03D9C82BF6EB6800F0A8B8 /* UserMgrViewController.m in Sources */,
				0A4108432AFE7F6E001511DD /* main.m in Sources */,
				0A03D9CB2BF6ED2000F0A8B8 /* OptionsViewController.m in Sources */,
			);
			runOnlyForDeploymentPostprocessing = 0;
		};
/* End PBXSourcesBuildPhase section */

/* Begin XCBuildConfiguration section */
		0A4108442AFE7F6E001511DD /* Debug */ = {
			isa = XCBuildConfiguration;
			buildSettings = {
				ALWAYS_SEARCH_USER_PATHS = NO;
				ASSETCATALOG_COMPILER_GENERATE_SWIFT_ASSET_SYMBOL_EXTENSIONS = YES;
				CLANG_ANALYZER_NONNULL = YES;
				CLANG_ANALYZER_NUMBER_OBJECT_CONVERSION = YES_AGGRESSIVE;
				CLANG_CXX_LANGUAGE_STANDARD = "gnu++20";
				CLANG_ENABLE_MODULES = YES;
				CLANG_ENABLE_OBJC_ARC = YES;
				CLANG_ENABLE_OBJC_WEAK = YES;
				CLANG_WARN_BLOCK_CAPTURE_AUTORELEASING = YES;
				CLANG_WARN_BOOL_CONVERSION = YES;
				CLANG_WARN_COMMA = YES;
				CLANG_WARN_CONSTANT_CONVERSION = YES;
				CLANG_WARN_DEPRECATED_OBJC_IMPLEMENTATIONS = YES;
				CLANG_WARN_DIRECT_OBJC_ISA_USAGE = YES_ERROR;
				CLANG_WARN_DOCUMENTATION_COMMENTS = YES;
				CLANG_WARN_EMPTY_BODY = YES;
				CLANG_WARN_ENUM_CONVERSION = YES;
				CLANG_WARN_INFINITE_RECURSION = YES;
				CLANG_WARN_INT_CONVERSION = YES;
				CLANG_WARN_NON_LITERAL_NULL_CONVERSION = YES;
				CLANG_WARN_OBJC_IMPLICIT_RETAIN_SELF = YES;
				CLANG_WARN_OBJC_LITERAL_CONVERSION = YES;
				CLANG_WARN_OBJC_ROOT_CLASS = YES_ERROR;
				CLANG_WARN_QUOTED_INCLUDE_IN_FRAMEWORK_HEADER = YES;
				CLANG_WARN_RANGE_LOOP_ANALYSIS = YES;
				CLANG_WARN_STRICT_PROTOTYPES = YES;
				CLANG_WARN_SUSPICIOUS_MOVE = YES;
				CLANG_WARN_UNGUARDED_AVAILABILITY = YES_AGGRESSIVE;
				CLANG_WARN_UNREACHABLE_CODE = YES;
				CLANG_WARN__DUPLICATE_METHOD_MATCH = YES;
				COPY_PHASE_STRIP = NO;
				DEBUG_INFORMATION_FORMAT = dwarf;
				ENABLE_STRICT_OBJC_MSGSEND = YES;
				ENABLE_TESTABILITY = YES;
				ENABLE_USER_SCRIPT_SANDBOXING = YES;
				FRAMEWORK_SEARCH_PATHS = "$(SRCROOT)/Frameworks";
				GCC_C_LANGUAGE_STANDARD = gnu17;
				GCC_DYNAMIC_NO_PIC = NO;
				GCC_NO_COMMON_BLOCKS = YES;
				GCC_OPTIMIZATION_LEVEL = 0;
				GCC_PREPROCESSOR_DEFINITIONS = (
					"DEBUG=1",
					"$(inherited)",
				);
				GCC_WARN_64_TO_32_BIT_CONVERSION = YES;
				GCC_WARN_ABOUT_RETURN_TYPE = YES_ERROR;
				GCC_WARN_UNDECLARED_SELECTOR = YES;
				GCC_WARN_UNINITIALIZED_AUTOS = YES_AGGRESSIVE;
				GCC_WARN_UNUSED_FUNCTION = YES;
				GCC_WARN_UNUSED_VARIABLE = YES;
				IPHONEOS_DEPLOYMENT_TARGET = 17.0;
				LIBRARY_SEARCH_PATHS = "$(SRCROOT)/Frameworks";
				LOCALIZATION_PREFERS_STRING_CATALOGS = YES;
				MTL_ENABLE_DEBUG_INFO = INCLUDE_SOURCE;
				MTL_FAST_MATH = YES;
				ONLY_ACTIVE_ARCH = YES;
				SDKROOT = iphoneos;
			};
			name = Debug;
		};
		0A4108452AFE7F6E001511DD /* Release */ = {
			isa = XCBuildConfiguration;
			buildSettings = {
				ALWAYS_SEARCH_USER_PATHS = NO;
				ASSETCATALOG_COMPILER_GENERATE_SWIFT_ASSET_SYMBOL_EXTENSIONS = YES;
				CLANG_ANALYZER_NONNULL = YES;
				CLANG_ANALYZER_NUMBER_OBJECT_CONVERSION = YES_AGGRESSIVE;
				CLANG_CXX_LANGUAGE_STANDARD = "gnu++20";
				CLANG_ENABLE_MODULES = YES;
				CLANG_ENABLE_OBJC_ARC = YES;
				CLANG_ENABLE_OBJC_WEAK = YES;
				CLANG_WARN_BLOCK_CAPTURE_AUTORELEASING = YES;
				CLANG_WARN_BOOL_CONVERSION = YES;
				CLANG_WARN_COMMA = YES;
				CLANG_WARN_CONSTANT_CONVERSION = YES;
				CLANG_WARN_DEPRECATED_OBJC_IMPLEMENTATIONS = YES;
				CLANG_WARN_DIRECT_OBJC_ISA_USAGE = YES_ERROR;
				CLANG_WARN_DOCUMENTATION_COMMENTS = YES;
				CLANG_WARN_EMPTY_BODY = YES;
				CLANG_WARN_ENUM_CONVERSION = YES;
				CLANG_WARN_INFINITE_RECURSION = YES;
				CLANG_WARN_INT_CONVERSION = YES;
				CLANG_WARN_NON_LITERAL_NULL_CONVERSION = YES;
				CLANG_WARN_OBJC_IMPLICIT_RETAIN_SELF = YES;
				CLANG_WARN_OBJC_LITERAL_CONVERSION = YES;
				CLANG_WARN_OBJC_ROOT_CLASS = YES_ERROR;
				CLANG_WARN_QUOTED_INCLUDE_IN_FRAMEWORK_HEADER = YES;
				CLANG_WARN_RANGE_LOOP_ANALYSIS = YES;
				CLANG_WARN_STRICT_PROTOTYPES = YES;
				CLANG_WARN_SUSPICIOUS_MOVE = YES;
				CLANG_WARN_UNGUARDED_AVAILABILITY = YES_AGGRESSIVE;
				CLANG_WARN_UNREACHABLE_CODE = YES;
				CLANG_WARN__DUPLICATE_METHOD_MATCH = YES;
				COPY_PHASE_STRIP = NO;
				DEBUG_INFORMATION_FORMAT = "dwarf-with-dsym";
				ENABLE_NS_ASSERTIONS = NO;
				ENABLE_STRICT_OBJC_MSGSEND = YES;
				ENABLE_USER_SCRIPT_SANDBOXING = YES;
				FRAMEWORK_SEARCH_PATHS = "$(SRCROOT)/Frameworks";
				GCC_C_LANGUAGE_STANDARD = gnu17;
				GCC_NO_COMMON_BLOCKS = YES;
				GCC_WARN_64_TO_32_BIT_CONVERSION = YES;
				GCC_WARN_ABOUT_RETURN_TYPE = YES_ERROR;
				GCC_WARN_UNDECLARED_SELECTOR = YES;
				GCC_WARN_UNINITIALIZED_AUTOS = YES_AGGRESSIVE;
				GCC_WARN_UNUSED_FUNCTION = YES;
				GCC_WARN_UNUSED_VARIABLE = YES;
				IPHONEOS_DEPLOYMENT_TARGET = 17.0;
				LIBRARY_SEARCH_PATHS = "$(SRCROOT)/Frameworks";
				LOCALIZATION_PREFERS_STRING_CATALOGS = YES;
				MTL_ENABLE_DEBUG_INFO = NO;
				MTL_FAST_MATH = YES;
				SDKROOT = iphoneos;
				VALIDATE_PRODUCT = YES;
			};
			name = Release;
		};
		0A4108472AFE7F6E001511DD /* Debug */ = {
			isa = XCBuildConfiguration;
			buildSettings = {
				ASSETCATALOG_COMPILER_APPICON_NAME = AppIcon;
				ASSETCATALOG_COMPILER_GLOBAL_ACCENT_COLOR_NAME = AccentColor;
				CODE_SIGN_STYLE = Automatic;
				CURRENT_PROJECT_VERSION = 1;
				DEVELOPMENT_ASSET_PATHS = "";
				DEVELOPMENT_TEAM = ZV97B8PCR8;
				FRAMEWORK_SEARCH_PATHS = (
					"$(inherited)",
					"$(PROJECT_DIR)/Frameworks",
				);
				GENERATE_INFOPLIST_FILE = YES;
				HEADER_SEARCH_PATHS = (
					"$(PROJECT_DIR)/Frameworks/libcurl/include",
					"$(PROJECT_DIR)/Frameworks/libuv.framwork/Headers",
				);
				INFOPLIST_FILE = shimmer/Info.plist;
				INFOPLIST_KEY_UIApplicationSupportsIndirectInputEvents = YES;
				INFOPLIST_KEY_UILaunchStoryboardName = "";
				INFOPLIST_KEY_UIStatusBarStyle = "";
				INFOPLIST_KEY_UISupportedInterfaceOrientations_iPad = "UIInterfaceOrientationPortrait UIInterfaceOrientationPortraitUpsideDown UIInterfaceOrientationLandscapeLeft UIInterfaceOrientationLandscapeRight";
				INFOPLIST_KEY_UISupportedInterfaceOrientations_iPhone = "UIInterfaceOrientationPortrait UIInterfaceOrientationLandscapeLeft UIInterfaceOrientationLandscapeRight";
				IPHONEOS_DEPLOYMENT_TARGET = 16.1;
				LD_RUNPATH_SEARCH_PATHS = (
					"$(inherited)",
					"@executable_path/Frameworks",
				);
				LIBRARY_SEARCH_PATHS = (
					"$(inherited)",
					"$(PROJECT_DIR)/Frameworks",
					"$(PROJECT_DIR)/Frameworks/libcurl",
					"$(PROJECT_DIR)/Frameworks/libcurl/lib",
				);
				MARKETING_VERSION = 1.0;
				PRODUCT_BUNDLE_IDENTIFIER = circle.shimmer;
				PRODUCT_NAME = "$(TARGET_NAME)";
				SWIFT_EMIT_LOC_STRINGS = YES;
				TARGETED_DEVICE_FAMILY = "1,2";
			};
			name = Debug;
		};
		0A4108482AFE7F6E001511DD /* Release */ = {
			isa = XCBuildConfiguration;
			buildSettings = {
				ASSETCATALOG_COMPILER_APPICON_NAME = AppIcon;
				ASSETCATALOG_COMPILER_GLOBAL_ACCENT_COLOR_NAME = AccentColor;
				CODE_SIGN_STYLE = Automatic;
				CURRENT_PROJECT_VERSION = 1;
				DEVELOPMENT_ASSET_PATHS = "";
				DEVELOPMENT_TEAM = ZV97B8PCR8;
				FRAMEWORK_SEARCH_PATHS = (
					"$(inherited)",
					"$(PROJECT_DIR)/Frameworks",
				);
				GENERATE_INFOPLIST_FILE = YES;
				HEADER_SEARCH_PATHS = (
					"$(PROJECT_DIR)/Frameworks/libcurl/include",
					"$(PROJECT_DIR)/Frameworks/libuv.framwork/Headers",
				);
				INFOPLIST_FILE = shimmer/Info.plist;
				INFOPLIST_KEY_UIApplicationSupportsIndirectInputEvents = YES;
				INFOPLIST_KEY_UILaunchStoryboardName = "";
				INFOPLIST_KEY_UIStatusBarStyle = "";
				INFOPLIST_KEY_UISupportedInterfaceOrientations_iPad = "UIInterfaceOrientationPortrait UIInterfaceOrientationPortraitUpsideDown UIInterfaceOrientationLandscapeLeft UIInterfaceOrientationLandscapeRight";
				INFOPLIST_KEY_UISupportedInterfaceOrientations_iPhone = "UIInterfaceOrientationPortrait UIInterfaceOrientationLandscapeLeft UIInterfaceOrientationLandscapeRight";
				IPHONEOS_DEPLOYMENT_TARGET = 16.1;
				LD_RUNPATH_SEARCH_PATHS = (
					"$(inherited)",
					"@executable_path/Frameworks",
				);
				LIBRARY_SEARCH_PATHS = (
					"$(inherited)",
					"$(PROJECT_DIR)/Frameworks",
					"$(PROJECT_DIR)/Frameworks/libcurl",
					"$(PROJECT_DIR)/Frameworks/libcurl/lib",
				);
				MARKETING_VERSION = 1.0;
				PRODUCT_BUNDLE_IDENTIFIER = circle.shimmer;
				PRODUCT_NAME = "$(TARGET_NAME)";
				SWIFT_EMIT_LOC_STRINGS = YES;
				TARGETED_DEVICE_FAMILY = "1,2";
			};
			name = Release;
		};
/* End XCBuildConfiguration section */

/* Begin XCConfigurationList section */
		0A4108282AFE7F6B001511DD /* Build configuration list for PBXProject "shimmer" */ = {
			isa = XCConfigurationList;
			buildConfigurations = (
				0A4108442AFE7F6E001511DD /* Debug */,
				0A4108452AFE7F6E001511DD /* Release */,
			);
			defaultConfigurationIsVisible = 0;
			defaultConfigurationName = Release;
		};
		0A4108462AFE7F6E001511DD /* Build configuration list for PBXNativeTarget "shimmer" */ = {
			isa = XCConfigurationList;
			buildConfigurations = (
				0A4108472AFE7F6E001511DD /* Debug */,
				0A4108482AFE7F6E001511DD /* Release */,
			);
			defaultConfigurationIsVisible = 0;
			defaultConfigurationName = Release;
		};
/* End XCConfigurationList section */
	};
	rootObject = 0A4108252AFE7F6B001511DD /* Project object */;
}
